
Microsoft Visual Studio Solution File, Format Version 12.00
# Visual Studio Version 17
VisualStudioVersion = 17.7.34031.279
MinimumVisualStudioVersion = 10.0.40219.1
Project("{FAE04EC0-301F-11D3-BF4B-00C04F79EFBC}") = "CodeFirstDemo", "CodeFirstDemo.csproj", "{16BA0BB0-34EC-483B-9AB6-C4D7C3192D99}"
EndProject
Global
	GlobalSection(SolutionConfigurationPlatforms) = preSolution
		Debug|Any CPU = Debug|Any CPU
		Release|Any CPU = Release|Any CPU
	EndGlobalSection
	GlobalSection(ProjectConfigurationPlatforms) = postSolution
		{16BA0BB0-34EC-483B-9AB6-C4D7C3192D99}.Debug|Any CPU.ActiveCfg = Debug|Any CPU
		{16BA0BB0-34EC-483B-9AB6-C4D7C3192D99}.Debug|Any CPU.Build.0 = Debug|Any CPU
		{16BA0BB0-34EC-483B-9AB6-C4D7C3192D99}.Release|Any CPU.ActiveCfg = Release|Any CPU
		{16BA0BB0-34EC-483B-9AB6-C4D7C3192D99}.Release|Any CPU.Build.0 = Release|Any CPU
	EndGlobalSection
	GlobalSection(SolutionProperties) = preSolution
		HideSolutionNode = FALSE
	EndGlobalSection
	GlobalSection(ExtensibilityGlobals) = postSolution
		SolutionGuid = {5DF6F885-E0B6-4320-A070-E3727E5841B6}
	EndGlobalSection
EndGlobal
